
Microsoft Visual Studio Solution File, Format Version 12.00
# Visual Studio Version 16
VisualStudioVersion = 16.0.30204.135
MinimumVisualStudioVersion = 10.0.40219.1
Project("{FAE04EC0-301F-11D3-BF4B-00C04F79EFBC}") = "Task12", "Task12\Task12.csproj", "{91D35402-0972-460D-A260-A9A60821CEEC}"
EndProject
Global
	GlobalSection(SolutionConfigurationPlatforms) = preSolution
		Debug|Any CPU = Debug|Any CPU
		Release|Any CPU = Release|Any CPU
	EndGlobalSection
	GlobalSection(ProjectConfigurationPlatforms) = postSolution
		{91D35402-0972-460D-A260-A9A60821CEEC}.Debug|Any CPU.ActiveCfg = Debug|Any CPU
		{91D35402-0972-460D-A260-A9A60821CEEC}.Debug|Any CPU.Build.0 = Debug|Any CPU
		{91D35402-0972-460D-A260-A9A60821CEEC}.Release|Any CPU.ActiveCfg = Release|Any CPU
		{91D35402-0972-460D-A260-A9A60821CEEC}.Release|Any CPU.Build.0 = Release|Any CPU
	EndGlobalSection
	GlobalSection(SolutionProperties) = preSolution
		HideSolutionNode = FALSE
	EndGlobalSection
	GlobalSection(ExtensibilityGlobals) = postSolution
		SolutionGuid = {7D7586F7-4C57-4CB9-890E-7A089B04868F}
	EndGlobalSection
EndGlobal
